
Microsoft Visual Studio Solution File, Format Version 12.00
# Visual Studio Version 16
VisualStudioVersion = 16.0.35325.158
MinimumVisualStudioVersion = 10.0.40219.1
Project("{8BC9CEB8-8B4A-11D0-8D11-00A0C91BC942}") = "Домашнее животное", "Домашнее животное.vcxproj", "{E5B5888E-6BBC-4A60-9325-E6A2E94645F9}"
EndProject
Global
	GlobalSection(SolutionConfigurationPlatforms) = preSolution
		Debug|x64 = Debug|x64
		Debug|x86 = Debug|x86
		Release|x64 = Release|x64
		Release|x86 = Release|x86
	EndGlobalSection
	GlobalSection(ProjectConfigurationPlatforms) = postSolution
		{E5B5888E-6BBC-4A60-9325-E6A2E94645F9}.Debug|x64.ActiveCfg = Debug|x64
		{E5B5888E-6BBC-4A60-9325-E6A2E94645F9}.Debug|x64.Build.0 = Debug|x64
		{E5B5888E-6BBC-4A60-9325-E6A2E94645F9}.Debug|x86.ActiveCfg = Debug|Win32
		{E5B5888E-6BBC-4A60-9325-E6A2E94645F9}.Debug|x86.Build.0 = Debug|Win32
		{E5B5888E-6BBC-4A60-9325-E6A2E94645F9}.Release|x64.ActiveCfg = Release|x64
		{E5B5888E-6BBC-4A60-9325-E6A2E94645F9}.Release|x64.Build.0 = Release|x64
		{E5B5888E-6BBC-4A60-9325-E6A2E94645F9}.Release|x86.ActiveCfg = Release|Win32
		{E5B5888E-6BBC-4A60-9325-E6A2E94645F9}.Release|x86.Build.0 = Release|Win32
	EndGlobalSection
	GlobalSection(SolutionProperties) = preSolution
		HideSolutionNode = FALSE
	EndGlobalSection
	GlobalSection(ExtensibilityGlobals) = postSolution
		SolutionGuid = {388AAEB7-9852-4E4A-B681-20B95EACB64D}
	EndGlobalSection
EndGlobal
